
Microsoft Visual Studio Solution File, Format Version 12.00
# Visual Studio 15
VisualStudioVersion = 15.0.26403.7
MinimumVisualStudioVersion = 10.0.40219.1
Project("{FAE04EC0-301F-11D3-BF4B-00C04F79EFBC}") = "MoqTester", "MoqTester\MoqTester.csproj", "{2BBACDC0-ECEA-425F-829F-2D28423D42A5}"
EndProject
Project("{FAE04EC0-301F-11D3-BF4B-00C04F79EFBC}") = "MoqTester.UnitTesting", "MoqTester.UnitTesting\MoqTester.UnitTesting.csproj", "{06A5FCD4-3AE2-4804-8331-FDD34CA06D02}"
EndProject
Global
	GlobalSection(SolutionConfigurationPlatforms) = preSolution
		Debug|Any CPU = Debug|Any CPU
		Release|Any CPU = Release|Any CPU
	EndGlobalSection
	GlobalSection(ProjectConfigurationPlatforms) = postSolution
		{2BBACDC0-ECEA-425F-829F-2D28423D42A5}.Debug|Any CPU.ActiveCfg = Debug|Any CPU
		{2BBACDC0-ECEA-425F-829F-2D28423D42A5}.Debug|Any CPU.Build.0 = Debug|Any CPU
		{2BBACDC0-ECEA-425F-829F-2D28423D42A5}.Release|Any CPU.ActiveCfg = Release|Any CPU
		{2BBACDC0-ECEA-425F-829F-2D28423D42A5}.Release|Any CPU.Build.0 = Release|Any CPU
		{06A5FCD4-3AE2-4804-8331-FDD34CA06D02}.Debug|Any CPU.ActiveCfg = Debug|Any CPU
		{06A5FCD4-3AE2-4804-8331-FDD34CA06D02}.Debug|Any CPU.Build.0 = Debug|Any CPU
		{06A5FCD4-3AE2-4804-8331-FDD34CA06D02}.Release|Any CPU.ActiveCfg = Release|Any CPU
		{06A5FCD4-3AE2-4804-8331-FDD34CA06D02}.Release|Any CPU.Build.0 = Release|Any CPU
	EndGlobalSection
	GlobalSection(SolutionProperties) = preSolution
		HideSolutionNode = FALSE
	EndGlobalSection
EndGlobal
